{
  "originHash" : "b9dbdd820ae02bfa750d290c9be2e484576b37d552d07757759f522d55d65529",
  "pins" : [
    {
      "identity" : "adyen-3ds2-ios",
      "kind" : "remoteSourceControl",
      "location" : "https://github.com/Adyen/adyen-3ds2-ios",
      "state" : {
        "revision" : "47f657579332c9d36cedd97a0d3487af2cd6d27d",
        "version" : "2.3.3"
      }
    },
    {
      "identity" : "adyen-authentication-ios",
      "kind" : "remoteSourceControl",
      "location" : "https://github.com/Adyen/adyen-authentication-ios",
      "state" : {
        "revision" : "220582cd839234587ff79037955b09db887a10d9",
        "version" : "2.0.0"
      }
    },
    {
      "identity" : "adyen-ios",
      "kind" : "remoteSourceControl",
      "location" : "https://github.com/Adyen/adyen-ios",
      "state" : {
        "revision" : "96a0139649b675ee180e76cd5501fae7da8247b4",
        "version" : "5.6.0"
      }
    },
    {
      "identity" : "adyen-networking-ios",
      "kind" : "remoteSourceControl",
      "location" : "https://github.com/Adyen/adyen-networking-ios",
      "state" : {
        "revision" : "47b566e8ef612c80dc854c0f13cb6b91ba79a80b",
        "version" : "2.0.0"
      }
    },
    {
      "identity" : "adyen-wechatpay-ios",
      "kind" : "remoteSourceControl",
      "location" : "https://github.com/Adyen/adyen-wechatpay-ios",
      "state" : {
        "revision" : "aee9b422f02d3ff75533a3338db45f2f9b9010b0",
        "version" : "2.1.0"
      }
    },
    {
      "identity" : "alamofire",
      "kind" : "remoteSourceControl",
      "location" : "https://github.com/Alamofire/Alamofire.git",
      "state" : {
        "revision" : "f455c2975872ccd2d9c81594c658af65716e9b9a",
        "version" : "5.9.1"
      }
    },
    {
      "identity" : "app-check",
      "kind" : "remoteSourceControl",
      "location" : "https://github.com/google/app-check.git",
      "state" : {
        "revision" : "21fe1af9be463a359aaf8d96789ef73fc3760d09",
        "version" : "11.0.1"
      }
    },
    {
      "identity" : "braintree_ios",
      "kind" : "remoteSourceControl",
      "location" : "https://github.com/braintree/braintree_ios",
      "state" : {
        "revision" : "478396a8e13a3d12ebb3b560a5458f96333d1fb1",
        "version" : "6.23.3"
      }
    },
    {
      "identity" : "bv-ios-swift-sdk",
      "kind" : "remoteSourceControl",
      "location" : "https://github.com/bazaarvoice/bv-ios-swift-sdk.git",
      "state" : {
        "revision" : "d7eacf75fce688fbd5e353414c7ea27991da3782",
        "version" : "1.13.0"
      }
    },
    {
      "identity" : "cash-app-pay-ios-sdk",
      "kind" : "remoteSourceControl",
      "location" : "https://github.com/cashapp/cash-app-pay-ios-sdk",
      "state" : {
        "revision" : "cb3c4179ca46d62cb2fb427532a71299be664c97",
        "version" : "0.5.1"
      }
    },
    {
      "identity" : "crash-reporter-ios",
      "kind" : "remoteSourceControl",
      "location" : "https://github.com/rudderlabs/crash-reporter-ios",
      "state" : {
        "revision" : "ee563535b64d9d5feacd0fa243663b2658033a19",
        "version" : "1.0.1"
      }
    },
    {
      "identity" : "googleappmeasurement",
      "kind" : "remoteSourceControl",
      "location" : "https://github.com/google/GoogleAppMeasurement.git",
      "state" : {
        "revision" : "4f234bcbdae841d7015258fbbf8e7743a39b8200",
        "version" : "11.4.0"
      }
    },
    {
      "identity" : "googledatatransport",
      "kind" : "remoteSourceControl",
      "location" : "https://github.com/google/GoogleDataTransport.git",
      "state" : {
        "revision" : "617af071af9aa1d6a091d59a202910ac482128f9",
        "version" : "10.1.0"
      }
    },
    {
      "identity" : "googleutilities",
      "kind" : "remoteSourceControl",
      "location" : "https://github.com/google/GoogleUtilities.git",
      "state" : {
        "revision" : "53156c7ec267db846e6b64c9f4c4e31ba4cf75eb",
        "version" : "8.0.2"
      }
    },
    {
      "identity" : "grpc-binary",
      "kind" : "remoteSourceControl",
      "location" : "https://github.com/google/grpc-binary.git",
      "state" : {
        "revision" : "f56d8fc3162de9a498377c7b6cea43431f4f5083",
        "version" : "1.65.1"
      }
    },
    {
      "identity" : "gtm-session-fetcher",
      "kind" : "remoteSourceControl",
      "location" : "https://github.com/google/gtm-session-fetcher.git",
      "state" : {
        "revision" : "a2ab612cb980066ee56d90d60d8462992c07f24b",
        "version" : "3.5.0"
      }
    },
    {
      "identity" : "hue",
      "kind" : "remoteSourceControl",
      "location" : "https://github.com/zenangst/Hue.git",
      "state" : {
        "revision" : "b9d920cee4ba795fefb828d130744eee1e3d2feb",
        "version" : "5.0.1"
      }
    },
    {
      "identity" : "interop-ios-for-google-sdks",
      "kind" : "remoteSourceControl",
      "location" : "https://github.com/google/interop-ios-for-google-sdks.git",
      "state" : {
        "revision" : "2d12673670417654f08f5f90fdd62926dc3a2648",
        "version" : "100.0.0"
      }
    },
    {
      "identity" : "ios-library",
      "kind" : "remoteSourceControl",
      "location" : "https://github.com/urbanairship/ios-library.git",
      "state" : {
        "revision" : "4d7ccddb2b500fc87229eb0d64272391883ade4b",
        "version" : "18.9.2"
      }
    },
    {
      "identity" : "ios_sdk",
      "kind" : "remoteSourceControl",
      "location" : "https://github.com/Riskified/ios_sdk",
      "state" : {
        "revision" : "0a970baa0c958b3f0dda86ab3f9d94fc69838671",
        "version" : "1.5.1"
      }
    },
    {
      "identity" : "leveldb",
      "kind" : "remoteSourceControl",
      "location" : "https://github.com/firebase/leveldb.git",
      "state" : {
        "revision" : "a0bc79961d7be727d258d33d5a6b2f1023270ba1",
        "version" : "1.22.5"
      }
    },
    {
      "identity" : "lottie-ios",
      "kind" : "remoteSourceControl",
      "location" : "https://github.com/airbnb/lottie-ios",
      "state" : {
        "revision" : "fe4c6fe3a0aa66cdeb51d549623c82ca9704b9a5",
        "version" : "4.5.0"
      }
    },
    {
      "identity" : "metrics-reporter-ios",
      "kind" : "remoteSourceControl",
      "location" : "https://github.com/rudderlabs/metrics-reporter-ios",
      "state" : {
        "revision" : "e307fa37c6c2d2cccf787d73b5b4b5bc3f650435",
        "version" : "2.0.0"
      }
    },
    {
      "identity" : "nanopb",
      "kind" : "remoteSourceControl",
      "location" : "https://github.com/firebase/nanopb.git",
      "state" : {
        "revision" : "b7e1104502eca3a213b46303391ca4d3bc8ddec1",
        "version" : "2.30910.0"
      }
    },
    {
      "identity" : "newrelic-ios-agent-spm",
      "kind" : "remoteSourceControl",
      "location" : "https://github.com/newrelic/newrelic-ios-agent-spm",
      "state" : {
        "revision" : "73922c31eec1a2a8d432d1a347a57d297688284a",
        "version" : "7.5.2"
      }
    }
  ],
  "version" : 3
}